<?xml version="1.0" encoding="utf-8"?>
<Project ToolsVersion="4.0" xmlns="http://schemas.microsoft.com/developer/msbuild/2003">
  <ItemGroup>
    <Filter Include="ソース ファイル">
      <UniqueIdentifier>{4FC737F1-C7A5-4376-A066-2A32D752A2FF}</UniqueIdentifier>
      <Extensions>cpp;c;cc;cxx;c++;cppm;ixx;def;odl;idl;hpj;bat;asm;asmx</Extensions>
    </Filter>
    <Filter Include="ヘッダー ファイル">
      <UniqueIdentifier>{93995380-89BD-4b04-88EB-625FBE52EBFB}</UniqueIdentifier>
      <Extensions>h;hh;hpp;hxx;h++;hm;inl;inc;ipp;xsd</Extensions>
    </Filter>
    <Filter Include="リソース ファイル">
      <UniqueIdentifier>{67DA6AB6-F800-4c08-8B7A-83BB121AAD01}</UniqueIdentifier>
      <Extensions>rc;ico;cur;bmp;dlg;rc2;rct;bin;rgs;gif;jpg;jpeg;jpe;resx;tiff;tif;png;wav;mfcribbon-ms</Extensions>
    </Filter>
    <Filter Include="System">
      <UniqueIdentifier>{aabe7a2f-b569-468c-aeb6-c99f70356623}</UniqueIdentifier>
    </Filter>
    <Filter Include="System\Animation">
      <UniqueIdentifier>{0e5211d8-b3d9-4323-942b-2485bbaf78f5}</UniqueIdentifier>
    </Filter>
    <Filter Include="System\Common">
      <UniqueIdentifier>{f58b9130-17ad-45a9-b2df-7e79e71ea44b}</UniqueIdentifier>
    </Filter>
    <Filter Include="Main">
      <UniqueIdentifier>{5076e9a7-1d49-4c2c-8fbe-4357015c289f}</UniqueIdentifier>
    </Filter>
    <Filter Include="System\Scene">
      <UniqueIdentifier>{ccc53347-eb8d-4828-8aac-00d4c483a9de}</UniqueIdentifier>
    </Filter>
    <Filter Include="System\Image">
      <UniqueIdentifier>{46c34ce6-5ec8-40c7-a947-a114f547fa4f}</UniqueIdentifier>
    </Filter>
    <Filter Include="System\Sound">
      <UniqueIdentifier>{3dfcc70c-8ac6-438d-8268-952dd7782ac1}</UniqueIdentifier>
    </Filter>
    <Filter Include="System\Renderable">
      <UniqueIdentifier>{24ecbc5f-1d79-4bfa-8543-0a40201a49a2}</UniqueIdentifier>
    </Filter>
    <Filter Include="Object">
      <UniqueIdentifier>{5b0e115a-5583-4505-bcdc-91ade6fd68a6}</UniqueIdentifier>
    </Filter>
    <Filter Include="System\Collision">
      <UniqueIdentifier>{d92efc5c-42ce-45a8-8d50-a1e503f2b3fe}</UniqueIdentifier>
    </Filter>
    <Filter Include="System\Task">
      <UniqueIdentifier>{d35a43d9-fde6-41b4-b879-65b30bf84b97}</UniqueIdentifier>
    </Filter>
  </ItemGroup>
  <ItemGroup>
    <ClCompile Include="AnimationData.cpp">
      <Filter>System\Animation</Filter>
    </ClCompile>
    <ClCompile Include="AnimationDataSet.cpp">
      <Filter>System\Animation</Filter>
    </ClCompile>
    <ClCompile Include="AnimationPlayer.cpp">
      <Filter>System\Animation</Filter>
    </ClCompile>
    <ClCompile Include="AnimationRepository.cpp">
      <Filter>System\Animation</Filter>
    </ClCompile>
    <ClCompile Include="Float2.cpp">
      <Filter>System\Common</Filter>
    </ClCompile>
    <ClCompile Include="main.cpp">
      <Filter>Main</Filter>
    </ClCompile>
    <ClCompile Include="soundManager.cpp">
      <Filter>System\Sound</Filter>
    </ClCompile>
    <ClCompile Include="imageManager.cpp">
      <Filter>System\Image</Filter>
    </ClCompile>
    <ClCompile Include="keyManager.cpp">
      <Filter>System\Common</Filter>
    </ClCompile>
    <ClCompile Include="sceneManager.cpp">
      <Filter>System\Scene</Filter>
    </ClCompile>
    <ClCompile Include="scene.cpp">
      <Filter>System\Scene</Filter>
    </ClCompile>
    <ClCompile Include="renderable.cpp">
      <Filter>System\Renderable</Filter>
    </ClCompile>
    <ClCompile Include="renderableManager.cpp">
      <Filter>System\Renderable</Filter>
    </ClCompile>
    <ClCompile Include="Line.cpp">
      <Filter>System\Common</Filter>
    </ClCompile>
    <ClCompile Include="Rect.cpp">
      <Filter>System\Common</Filter>
    </ClCompile>
    <ClCompile Include="Circle.cpp">
      <Filter>System\Common</Filter>
    </ClCompile>
    <ClCompile Include="Bubble.cpp">
      <Filter>Object</Filter>
    </ClCompile>
    <ClCompile Include="debug_color.cpp">
      <Filter>System\Common</Filter>
    </ClCompile>
    <ClCompile Include="common_func.cpp">
      <Filter>System\Common</Filter>
    </ClCompile>
    <ClCompile Include="collision.cpp">
      <Filter>System\Collision</Filter>
    </ClCompile>
    <ClCompile Include="collisionInfo.cpp">
      <Filter>System\Collision</Filter>
    </ClCompile>
    <ClCompile Include="collisionManager.cpp">
      <Filter>System\Collision</Filter>
    </ClCompile>
    <ClCompile Include="common_type.cpp">
      <Filter>System\Collision</Filter>
    </ClCompile>
    <ClCompile Include="task.cpp">
      <Filter>System\Task</Filter>
    </ClCompile>
    <ClCompile Include="taskManager.cpp">
      <Filter>System\Task</Filter>
    </ClCompile>
    <ClCompile Include="Stage.cpp">
      <Filter>Object</Filter>
    </ClCompile>
    <ClCompile Include="BubbleGenerator.cpp">
      <Filter>Object</Filter>
    </ClCompile>
  </ItemGroup>
  <ItemGroup>
    <ClInclude Include="AnimationRepository.h">
      <Filter>System\Animation</Filter>
    </ClInclude>
    <ClInclude Include="AnimationData.h">
      <Filter>System\Animation</Filter>
    </ClInclude>
    <ClInclude Include="AnimationDataElem.h">
      <Filter>System\Animation</Filter>
    </ClInclude>
    <ClInclude Include="AnimationDataSet.h">
      <Filter>System\Animation</Filter>
    </ClInclude>
    <ClInclude Include="AnimationPlayer.h">
      <Filter>System\Animation</Filter>
    </ClInclude>
    <ClInclude Include="Float2.h">
      <Filter>System\Common</Filter>
    </ClInclude>
    <ClInclude Include="soundManager.h">
      <Filter>System\Sound</Filter>
    </ClInclude>
    <ClInclude Include="imageManager.h">
      <Filter>System\Image</Filter>
    </ClInclude>
    <ClInclude Include="keyManager.h">
      <Filter>System\Common</Filter>
    </ClInclude>
    <ClInclude Include="scene.h">
      <Filter>System\Scene</Filter>
    </ClInclude>
    <ClInclude Include="sceneManager.h">
      <Filter>System\Scene</Filter>
    </ClInclude>
    <ClInclude Include="Rect.h">
      <Filter>System\Common</Filter>
    </ClInclude>
    <ClInclude Include="Line.h">
      <Filter>System\Common</Filter>
    </ClInclude>
    <ClInclude Include="Circle.h">
      <Filter>System\Common</Filter>
    </ClInclude>
    <ClInclude Include="renderable.h">
      <Filter>System\Renderable</Filter>
    </ClInclude>
    <ClInclude Include="renderableManager.h">
      <Filter>System\Renderable</Filter>
    </ClInclude>
    <ClInclude Include="const.h">
      <Filter>Main</Filter>
    </ClInclude>
    <ClInclude Include="Bubble.h">
      <Filter>Object</Filter>
    </ClInclude>
    <ClInclude Include="debug_color.h">
      <Filter>System\Common</Filter>
    </ClInclude>
    <ClInclude Include="common_func.h">
      <Filter>System\Common</Filter>
    </ClInclude>
    <ClInclude Include="collision.h">
      <Filter>System\Collision</Filter>
    </ClInclude>
    <ClInclude Include="collisionInfo.h">
      <Filter>System\Collision</Filter>
    </ClInclude>
    <ClInclude Include="collisionManager.h">
      <Filter>System\Collision</Filter>
    </ClInclude>
    <ClInclude Include="common_type.h">
      <Filter>System\Collision</Filter>
    </ClInclude>
    <ClInclude Include="task.h">
      <Filter>System\Task</Filter>
    </ClInclude>
    <ClInclude Include="taskManager.h">
      <Filter>System\Task</Filter>
    </ClInclude>
    <ClInclude Include="Stage.h">
      <Filter>Object</Filter>
    </ClInclude>
    <ClInclude Include="BubbleGenerator.h">
      <Filter>Object</Filter>
    </ClInclude>
  </ItemGroup>
  <ItemGroup>
    <Text Include="Bubble.txt" />
  </ItemGroup>
</Project>